Microsoft Visual Studio Solution File, Format Version 12.00
# Visual Studio Version 17
VisualStudioVersion = 17.5.2.0
MinimumVisualStudioVersion = 10.0.40219.1
Project("{FAE04EC0-301F-11D3-BF4B-00C04F79EFBC}") = "GoogleCalendarFileExporter", "GoogleCalendarFileExporter\GoogleCalendarFileExporter.csproj", "{B77AB19F-08BC-C683-498E-89CB021365EF}"
EndProject
Project("{FAE04EC0-301F-11D3-BF4B-00C04F79EFBC}") = "GoogleCalendarFileExporter.Tests", "GoogleCalendarFileExporter.Tests\GoogleCalendarFileExporter.Tests.csproj", "{8A2D7B9E-15A7-4C2D-9F6E-4B8C5E3D2A1F}"
EndProject
Global
	GlobalSection(SolutionConfigurationPlatforms) = preSolution
		Debug|Any CPU = Debug|Any CPU
		Release|Any CPU = Release|Any CPU
	EndGlobalSection
	GlobalSection(ProjectConfigurationPlatforms) = postSolution
		{B77AB19F-08BC-C683-498E-89CB021365EF}.Debug|Any CPU.ActiveCfg = Debug|Any CPU
		{B77AB19F-08BC-C683-498E-89CB021365EF}.Debug|Any CPU.Build.0 = Debug|Any CPU
		{B77AB19F-08BC-C683-498E-89CB021365EF}.Release|Any CPU.ActiveCfg = Release|Any CPU
		{B77AB19F-08BC-C683-498E-89CB021365EF}.Release|Any CPU.Build.0 = Release|Any CPU
		{8A2D7B9E-15A7-4C2D-9F6E-4B8C5E3D2A1F}.Debug|Any CPU.ActiveCfg = Debug|Any CPU
		{8A2D7B9E-15A7-4C2D-9F6E-4B8C5E3D2A1F}.Debug|Any CPU.Build.0 = Debug|Any CPU
		{8A2D7B9E-15A7-4C2D-9F6E-4B8C5E3D2A1F}.Release|Any CPU.ActiveCfg = Release|Any CPU
		{8A2D7B9E-15A7-4C2D-9F6E-4B8C5E3D2A1F}.Release|Any CPU.Build.0 = Release|Any CPU
	EndGlobalSection
	GlobalSection(SolutionProperties) = preSolution
		HideSolutionNode = FALSE
	EndGlobalSection
	GlobalSection(ExtensibilityGlobals) = postSolution
		SolutionGuid = {DE95C758-72CD-482E-8C35-57A6A3230C16}
	EndGlobalSection
EndGlobal
